<?xml version="1.0" encoding="utf-8"?>
<Project ToolsVersion="4.0" xmlns="http://schemas.microsoft.com/developer/msbuild/2003">
  <ItemGroup>
    <Filter Include="Source Files">
      <UniqueIdentifier>{4FC737F1-C7A5-4376-A066-2A32D752A2FF}</UniqueIdentifier>
      <Extensions>cpp;c;cc;cxx;c++;cppm;ixx;def;odl;idl;hpj;bat;asm;asmx</Extensions>
    </Filter>
    <Filter Include="Header Files">
      <UniqueIdentifier>{93995380-89BD-4b04-88EB-625FBE52EBFB}</UniqueIdentifier>
      <Extensions>h;hh;hpp;hxx;h++;hm;inl;inc;ipp;xsd</Extensions>
    </Filter>
    <Filter Include="Resource Files">
      <UniqueIdentifier>{67DA6AB6-F800-4c08-8B7A-83BB121AAD01}</UniqueIdentifier>
      <Extensions>rc;ico;cur;bmp;dlg;rc2;rct;bin;rgs;gif;jpg;jpeg;jpe;resx;tiff;tif;png;wav;mfcribbon-ms</Extensions>
    </Filter>
    <Filter Include="Source Files\LevelEvent">
      <UniqueIdentifier>{8d327c5a-fd44-4ae9-bc9c-f838dc4d9066}</UniqueIdentifier>
    </Filter>
    <Filter Include="Source Files\headers">
      <UniqueIdentifier>{50cd52ed-54bf-46b7-8d33-af077501a091}</UniqueIdentifier>
    </Filter>
  </ItemGroup>
  <ItemGroup>
    <Text Include="resources\level.txt">
      <Filter>Resource Files</Filter>
    </Text>
  </ItemGroup>
  <ItemGroup>
    <ClCompile Include="source\LevelEvent\BackgroundColorAnimationEvent.cpp">
      <Filter>Source Files\LevelEvent</Filter>
    </ClCompile>
    <ClCompile Include="source\LevelEvent\CameraAnimationEvent.cpp">
      <Filter>Source Files\LevelEvent</Filter>
    </ClCompile>
    <ClCompile Include="source\LevelEvent\LevelEvent.cpp">
      <Filter>Source Files\LevelEvent</Filter>
    </ClCompile>
    <ClCompile Include="source\LevelEvent\PlayerBindingEvent.cpp">
      <Filter>Source Files\LevelEvent</Filter>
    </ClCompile>
    <ClCompile Include="source\LevelEvent\ShapeAnimationEvent.cpp">
      <Filter>Source Files\LevelEvent</Filter>
    </ClCompile>
    <ClCompile Include="source\LevelEvent\ShapeGroupAnimationEvent.cpp">
      <Filter>Source Files\LevelEvent</Filter>
    </ClCompile>
    <ClCompile Include="source\LevelEvent\ShapeGroupDestructionEvent.cpp">
      <Filter>Source Files\LevelEvent</Filter>
    </ClCompile>
    <ClCompile Include="source\LevelEvent\ShapeGroupSpawnEvent.cpp">
      <Filter>Source Files\LevelEvent</Filter>
    </ClCompile>
    <ClCompile Include="source\LevelEvent\ShapeSpawnEvent.cpp">
      <Filter>Source Files\LevelEvent</Filter>
    </ClCompile>
    <ClCompile Include="source\Animation.cpp">
      <Filter>Source Files</Filter>
    </ClCompile>
    <ClCompile Include="source\AnimationController.cpp">
      <Filter>Source Files</Filter>
    </ClCompile>
    <ClCompile Include="source\AnimationTask.cpp">
      <Filter>Source Files</Filter>
    </ClCompile>
    <ClCompile Include="source\ByteArray.cpp">
      <Filter>Source Files</Filter>
    </ClCompile>
    <ClCompile Include="source\Engine.cpp">
      <Filter>Source Files</Filter>
    </ClCompile>
    <ClCompile Include="source\EventController.cpp">
      <Filter>Source Files</Filter>
    </ClCompile>
    <ClCompile Include="source\Player.cpp">
      <Filter>Source Files</Filter>
    </ClCompile>
    <ClCompile Include="source\Shape.cpp">
      <Filter>Source Files</Filter>
    </ClCompile>
    <ClCompile Include="source\ShapeController.cpp">
      <Filter>Source Files</Filter>
    </ClCompile>
    <ClCompile Include="source\ShapeGroup.cpp">
      <Filter>Source Files</Filter>
    </ClCompile>
    <ClCompile Include="source\Window.cpp">
      <Filter>Source Files</Filter>
    </ClCompile>
    <ClCompile Include="source\main.cpp">
      <Filter>Source Files</Filter>
    </ClCompile>
    <ClCompile Include="source\GUI.cpp">
      <Filter>Source Files</Filter>
    </ClCompile>
    <ClCompile Include="source\GUIcanvas.cpp">
      <Filter>Source Files</Filter>
    </ClCompile>
  </ItemGroup>
  <ItemGroup>
    <ClInclude Include="source\AnimationController.h">
      <Filter>Source Files\headers</Filter>
    </ClInclude>
    <ClInclude Include="source\AnimationTask.h">
      <Filter>Source Files\headers</Filter>
    </ClInclude>
    <ClInclude Include="source\ByteArray.h">
      <Filter>Source Files\headers</Filter>
    </ClInclude>
    <ClInclude Include="source\Engine.h">
      <Filter>Source Files\headers</Filter>
    </ClInclude>
    <ClInclude Include="source\EventController.h">
      <Filter>Source Files\headers</Filter>
    </ClInclude>
    <ClInclude Include="source\Player.h">
      <Filter>Source Files\headers</Filter>
    </ClInclude>
    <ClInclude Include="source\LevelEvent\LevelEvent.h">
      <Filter>Source Files\headers</Filter>
    </ClInclude>
    <ClInclude Include="source\Shape.h">
      <Filter>Source Files\headers</Filter>
    </ClInclude>
    <ClInclude Include="source\ShapeController.h">
      <Filter>Source Files\headers</Filter>
    </ClInclude>
    <ClInclude Include="source\ShapeGroup.h">
      <Filter>Source Files\headers</Filter>
    </ClInclude>
    <ClInclude Include="source\Window.h">
      <Filter>Source Files\headers</Filter>
    </ClInclude>
    <ClInclude Include="source\Animation.h">
      <Filter>Source Files\headers</Filter>
    </ClInclude>
    <ClInclude Include="source\GUI.h">
      <Filter>Source Files\headers</Filter>
    </ClInclude>
    <ClInclude Include="source\GUIcanvas.h">
      <Filter>Source Files\headers</Filter>
    </ClInclude>
  </ItemGroup>
  <ItemGroup>
    <None Include="resources\main.py">
      <Filter>Resource Files</Filter>
    </None>
    <None Include="raid_na_derevene.lvl">
      <Filter>Resource Files</Filter>
    </None>
  </ItemGroup>
  <ItemGroup>
    <Image Include="resources\n0lbborfz0hhdzjfjpor.jfif">
      <Filter>Resource Files</Filter>
    </Image>
  </ItemGroup>
</Project>